// !$*UTF8*$!
{
	archiveVersion = 1;
	classes = {
	};
	objectVersion = 50;
	objects = {

/* Begin PBXBuildFile section */
		705F3D0D25C9940000376DD3 /* AppDelegate.swift in Sources */ = {isa = PBXBuildFile; fileRef = 705F3D0C25C9940000376DD3 /* AppDelegate.swift */; };
		705F3D0F25C9940000376DD3 /* SceneDelegate.swift in Sources */ = {isa = PBXBuildFile; fileRef = 705F3D0E25C9940000376DD3 /* SceneDelegate.swift */; };
		705F3D1425C9940000376DD3 /* Main.storyboard in Resources */ = {isa = PBXBuildFile; fileRef = 705F3D1225C9940000376DD3 /* Main.storyboard */; };
		705F3D1925C9940200376DD3 /* LaunchScreen.storyboard in Resources */ = {isa = PBXBuildFile; fileRef = 705F3D1725C9940200376DD3 /* LaunchScreen.storyboard */; };
		705F3D2B25CACF3900376DD3 /* LoginViewController.swift in Sources */ = {isa = PBXBuildFile; fileRef = 705F3D2A25CACF3900376DD3 /* LoginViewController.swift */; };
		705F3D3025CB004600376DD3 /* WelcomeViewController.swift in Sources */ = {isa = PBXBuildFile; fileRef = 705F3D2F25CB004600376DD3 /* WelcomeViewController.swift */; };
		705F3D4725CF1F7300376DD3 /* ContactInformationViewController.swift in Sources */ = {isa = PBXBuildFile; fileRef = 705F3D4625CF1F7300376DD3 /* ContactInformationViewController.swift */; };
		705F3D5225D0066A00376DD3 /* UserInformation.swift in Sources */ = {isa = PBXBuildFile; fileRef = 705F3D5125D0066A00376DD3 /* UserInformation.swift */; };
		705F3D5725D03FBE00376DD3 /* Assets.xcassets in Resources */ = {isa = PBXBuildFile; fileRef = 705F3D5625D03FBE00376DD3 /* Assets.xcassets */; };
		705F3D5B25D0672600376DD3 /* AboutMeViewController.swift in Sources */ = {isa = PBXBuildFile; fileRef = 705F3D5A25D0672600376DD3 /* AboutMeViewController.swift */; };
/* End PBXBuildFile section */

/* Begin PBXFileReference section */
		705F3D0925C9940000376DD3 /* Login App.app */ = {isa = PBXFileReference; explicitFileType = wrapper.application; includeInIndex = 0; path = "Login App.app"; sourceTree = BUILT_PRODUCTS_DIR; };
		705F3D0C25C9940000376DD3 /* AppDelegate.swift */ = {isa = PBXFileReference; lastKnownFileType = sourcecode.swift; path = AppDelegate.swift; sourceTree = "<group>"; };
		705F3D0E25C9940000376DD3 /* SceneDelegate.swift */ = {isa = PBXFileReference; lastKnownFileType = sourcecode.swift; path = SceneDelegate.swift; sourceTree = "<group>"; };
		705F3D1325C9940000376DD3 /* Base */ = {isa = PBXFileReference; lastKnownFileType = file.storyboard; name = Base; path = Base.lproj/Main.storyboard; sourceTree = "<group>"; };
		705F3D1825C9940200376DD3 /* Base */ = {isa = PBXFileReference; lastKnownFileType = file.storyboard; name = Base; path = Base.lproj/LaunchScreen.storyboard; sourceTree = "<group>"; };
		705F3D1A25C9940200376DD3 /* Info.plist */ = {isa = PBXFileReference; lastKnownFileType = text.plist.xml; path = Info.plist; sourceTree = "<group>"; };
		705F3D2A25CACF3900376DD3 /* LoginViewController.swift */ = {isa = PBXFileReference; lastKnownFileType = sourcecode.swift; path = LoginViewController.swift; sourceTree = "<group>"; };
		705F3D2F25CB004600376DD3 /* WelcomeViewController.swift */ = {isa = PBXFileReference; lastKnownFileType = sourcecode.swift; path = WelcomeViewController.swift; sourceTree = "<group>"; };
		705F3D4625CF1F7300376DD3 /* ContactInformationViewController.swift */ = {isa = PBXFileReference; lastKnownFileType = sourcecode.swift; path = ContactInformationViewController.swift; sourceTree = "<group>"; };
		705F3D5125D0066A00376DD3 /* UserInformation.swift */ = {isa = PBXFileReference; lastKnownFileType = sourcecode.swift; path = UserInformation.swift; sourceTree = "<group>"; };
		705F3D5625D03FBE00376DD3 /* Assets.xcassets */ = {isa = PBXFileReference; lastKnownFileType = folder.assetcatalog; name = Assets.xcassets; path = "../../Color Mixer/Color Mixer/Assets.xcassets"; sourceTree = "<group>"; };
		705F3D5A25D0672600376DD3 /* AboutMeViewController.swift */ = {isa = PBXFileReference; lastKnownFileType = sourcecode.swift; path = AboutMeViewController.swift; sourceTree = "<group>"; };
		705F3D6525D1236F00376DD3 /* Assets.xcassets */ = {isa = PBXFileReference; lastKnownFileType = folder.assetcatalog; path = Assets.xcassets; sourceTree = "<group>"; };
/* End PBXFileReference section */

/* Begin PBXFrameworksBuildPhase section */
		705F3D0625C9940000376DD3 /* Frameworks */ = {
			isa = PBXFrameworksBuildPhase;
			buildActionMask = 2147483647;
			files = (
			);
			runOnlyForDeploymentPostprocessing = 0;
		};
/* End PBXFrameworksBuildPhase section */

/* Begin PBXGroup section */
		705F3D0025C9940000376DD3 = {
			isa = PBXGroup;
			children = (
				705F3D0B25C9940000376DD3 /* Login App */,
				705F3D0A25C9940000376DD3 /* Products */,
			);
			sourceTree = "<group>";
		};
		705F3D0A25C9940000376DD3 /* Products */ = {
			isa = PBXGroup;
			children = (
				705F3D0925C9940000376DD3 /* Login App.app */,
			);
			name = Products;
			sourceTree = "<group>";
		};
		705F3D0B25C9940000376DD3 /* Login App */ = {
			isa = PBXGroup;
			children = (
				705F3D6425D1236F00376DD3 /* resourses */,
				705F3D5625D03FBE00376DD3 /* Assets.xcassets */,
				705F3D6025D0729F00376DD3 /* SupportingFiles */,
				705F3D5D25D0713900376DD3 /* ViewControllers */,
				705F3D5E25D0718500376DD3 /* Model */,
				705F3D5F25D0724900376DD3 /* Storyboard */,
			);
			path = "Login App";
			sourceTree = "<group>";
		};
		705F3D5D25D0713900376DD3 /* ViewControllers */ = {
			isa = PBXGroup;
			children = (
				705F3D2A25CACF3900376DD3 /* LoginViewController.swift */,
				705F3D2F25CB004600376DD3 /* WelcomeViewController.swift */,
				705F3D5A25D0672600376DD3 /* AboutMeViewController.swift */,
				705F3D4625CF1F7300376DD3 /* ContactInformationViewController.swift */,
			);
			path = ViewControllers;
			sourceTree = "<group>";
		};
		705F3D5E25D0718500376DD3 /* Model */ = {
			isa = PBXGroup;
			children = (
				705F3D5125D0066A00376DD3 /* UserInformation.swift */,
			);
			path = Model;
			sourceTree = "<group>";
		};
		705F3D5F25D0724900376DD3 /* Storyboard */ = {
			isa = PBXGroup;
			children = (
				705F3D1725C9940200376DD3 /* LaunchScreen.storyboard */,
				705F3D1225C9940000376DD3 /* Main.storyboard */,
			);
			path = Storyboard;
			sourceTree = "<group>";
		};
		705F3D6025D0729F00376DD3 /* SupportingFiles */ = {
			isa = PBXGroup;
			children = (
				705F3D0C25C9940000376DD3 /* AppDelegate.swift */,
				705F3D0E25C9940000376DD3 /* SceneDelegate.swift */,
				705F3D1A25C9940200376DD3 /* Info.plist */,
			);
			path = SupportingFiles;
			sourceTree = "<group>";
		};
		705F3D6425D1236F00376DD3 /* resourses */ = {
			isa = PBXGroup;
			children = (
				705F3D6525D1236F00376DD3 /* Assets.xcassets */,
			);
			path = resourses;
			sourceTree = "<group>";
		};
/* End PBXGroup section */

/* Begin PBXNativeTarget section */
		705F3D0825C9940000376DD3 /* Login App */ = {
			isa = PBXNativeTarget;
			buildConfigurationList = 705F3D1D25C9940200376DD3 /* Build configuration list for PBXNativeTarget "Login App" */;
			buildPhases = (
				705F3D0525C9940000376DD3 /* Sources */,
				705F3D0625C9940000376DD3 /* Frameworks */,
				705F3D0725C9940000376DD3 /* Resources */,
			);
			buildRules = (
			);
			dependencies = (
			);
			name = "Login App";
			productName = "Login App";
			productReference = 705F3D0925C9940000376DD3 /* Login App.app */;
			productType = "com.apple.product-type.application";
		};
/* End PBXNativeTarget section */

/* Begin PBXProject section */
		705F3D0125C9940000376DD3 /* Project object */ = {
			isa = PBXProject;
			attributes = {
				LastSwiftUpdateCheck = 1220;
				LastUpgradeCheck = 1220;
				TargetAttributes = {
					705F3D0825C9940000376DD3 = {
						CreatedOnToolsVersion = 12.2;
					};
				};
			};
			buildConfigurationList = 705F3D0425C9940000376DD3 /* Build configuration list for PBXProject "Login App" */;
			compatibilityVersion = "Xcode 9.3";
			developmentRegion = en;
			hasScannedForEncodings = 0;
			knownRegions = (
				en,
				Base,
			);
			mainGroup = 705F3D0025C9940000376DD3;
			productRefGroup = 705F3D0A25C9940000376DD3 /* Products */;
			projectDirPath = "";
			projectRoot = "";
			targets = (
				705F3D0825C9940000376DD3 /* Login App */,
			);
		};
/* End PBXProject section */

/* Begin PBXResourcesBuildPhase section */
		705F3D0725C9940000376DD3 /* Resources */ = {
			isa = PBXResourcesBuildPhase;
			buildActionMask = 2147483647;
			files = (
				705F3D1925C9940200376DD3 /* LaunchScreen.storyboard in Resources */,
				705F3D5725D03FBE00376DD3 /* Assets.xcassets in Resources */,
				705F3D1425C9940000376DD3 /* Main.storyboard in Resources */,
			);
			runOnlyForDeploymentPostprocessing = 0;
		};
/* End PBXResourcesBuildPhase section */

/* Begin PBXSourcesBuildPhase section */
		705F3D0525C9940000376DD3 /* Sources */ = {
			isa = PBXSourcesBuildPhase;
			buildActionMask = 2147483647;
			files = (
				705F3D2B25CACF3900376DD3 /* LoginViewController.swift in Sources */,
				705F3D5225D0066A00376DD3 /* UserInformation.swift in Sources */,
				705F3D5B25D0672600376DD3 /* AboutMeViewController.swift in Sources */,
				705F3D3025CB004600376DD3 /* WelcomeViewController.swift in Sources */,
				705F3D4725CF1F7300376DD3 /* ContactInformationViewController.swift in Sources */,
				705F3D0D25C9940000376DD3 /* AppDelegate.swift in Sources */,
				705F3D0F25C9940000376DD3 /* SceneDelegate.swift in Sources */,
			);
			runOnlyForDeploymentPostprocessing = 0;
		};
/* End PBXSourcesBuildPhase section */

/* Begin PBXVariantGroup section */
		705F3D1225C9940000376DD3 /* Main.storyboard */ = {
			isa = PBXVariantGroup;
			children = (
				705F3D1325C9940000376DD3 /* Base */,
			);
			name = Main.storyboard;
			sourceTree = "<group>";
		};
		705F3D1725C9940200376DD3 /* LaunchScreen.storyboard */ = {
			isa = PBXVariantGroup;
			children = (
				705F3D1825C9940200376DD3 /* Base */,
			);
			name = LaunchScreen.storyboard;
			sourceTree = "<group>";
		};
/* End PBXVariantGroup section */

/* Begin XCBuildConfiguration section */
		705F3D1B25C9940200376DD3 /* Debug */ = {
			isa = XCBuildConfiguration;
			buildSettings = {
				ALWAYS_SEARCH_USER_PATHS = NO;
				CLANG_ANALYZER_NONNULL = YES;
				CLANG_ANALYZER_NUMBER_OBJECT_CONVERSION = YES_AGGRESSIVE;
				CLANG_CXX_LANGUAGE_STANDARD = "gnu++14";
				CLANG_CXX_LIBRARY = "libc++";
				CLANG_ENABLE_MODULES = YES;
				CLANG_ENABLE_OBJC_ARC = YES;
				CLANG_ENABLE_OBJC_WEAK = YES;
				CLANG_WARN_BLOCK_CAPTURE_AUTORELEASING = YES;
				CLANG_WARN_BOOL_CONVERSION = YES;
				CLANG_WARN_COMMA = YES;
				CLANG_WARN_CONSTANT_CONVERSION = YES;
				CLANG_WARN_DEPRECATED_OBJC_IMPLEMENTATIONS = YES;
				CLANG_WARN_DIRECT_OBJC_ISA_USAGE = YES_ERROR;
				CLANG_WARN_DOCUMENTATION_COMMENTS = YES;
				CLANG_WARN_EMPTY_BODY = YES;
				CLANG_WARN_ENUM_CONVERSION = YES;
				CLANG_WARN_INFINITE_RECURSION = YES;
				CLANG_WARN_INT_CONVERSION = YES;
				CLANG_WARN_NON_LITERAL_NULL_CONVERSION = YES;
				CLANG_WARN_OBJC_IMPLICIT_RETAIN_SELF = YES;
				CLANG_WARN_OBJC_LITERAL_CONVERSION = YES;
				CLANG_WARN_OBJC_ROOT_CLASS = YES_ERROR;
				CLANG_WARN_QUOTED_INCLUDE_IN_FRAMEWORK_HEADER = YES;
				CLANG_WARN_RANGE_LOOP_ANALYSIS = YES;
				CLANG_WARN_STRICT_PROTOTYPES = YES;
				CLANG_WARN_SUSPICIOUS_MOVE = YES;
				CLANG_WARN_UNGUARDED_AVAILABILITY = YES_AGGRESSIVE;
				CLANG_WARN_UNREACHABLE_CODE = YES;
				CLANG_WARN__DUPLICATE_METHOD_MATCH = YES;
				COPY_PHASE_STRIP = NO;
				DEBUG_INFORMATION_FORMAT = dwarf;
				ENABLE_STRICT_OBJC_MSGSEND = YES;
				ENABLE_TESTABILITY = YES;
				GCC_C_LANGUAGE_STANDARD = gnu11;
				GCC_DYNAMIC_NO_PIC = NO;
				GCC_NO_COMMON_BLOCKS = YES;
				GCC_OPTIMIZATION_LEVEL = 0;
				GCC_PREPROCESSOR_DEFINITIONS = (
					"DEBUG=1",
					"$(inherited)",
				);
				GCC_WARN_64_TO_32_BIT_CONVERSION = YES;
				GCC_WARN_ABOUT_RETURN_TYPE = YES_ERROR;
				GCC_WARN_UNDECLARED_SELECTOR = YES;
				GCC_WARN_UNINITIALIZED_AUTOS = YES_AGGRESSIVE;
				GCC_WARN_UNUSED_FUNCTION = YES;
				GCC_WARN_UNUSED_VARIABLE = YES;
				IPHONEOS_DEPLOYMENT_TARGET = 14.2;
				MTL_ENABLE_DEBUG_INFO = INCLUDE_SOURCE;
				MTL_FAST_MATH = YES;
				ONLY_ACTIVE_ARCH = YES;
				SDKROOT = iphoneos;
				SWIFT_ACTIVE_COMPILATION_CONDITIONS = DEBUG;
				SWIFT_OPTIMIZATION_LEVEL = "-Onone";
			};
			name = Debug;
		};
		705F3D1C25C9940200376DD3 /* Release */ = {
			isa = XCBuildConfiguration;
			buildSettings = {
				ALWAYS_SEARCH_USER_PATHS = NO;
				CLANG_ANALYZER_NONNULL = YES;
				CLANG_ANALYZER_NUMBER_OBJECT_CONVERSION = YES_AGGRESSIVE;
				CLANG_CXX_LANGUAGE_STANDARD = "gnu++14";
				CLANG_CXX_LIBRARY = "libc++";
				CLANG_ENABLE_MODULES = YES;
				CLANG_ENABLE_OBJC_ARC = YES;
				CLANG_ENABLE_OBJC_WEAK = YES;
				CLANG_WARN_BLOCK_CAPTURE_AUTORELEASING = YES;
				CLANG_WARN_BOOL_CONVERSION = YES;
				CLANG_WARN_COMMA = YES;
				CLANG_WARN_CONSTANT_CONVERSION = YES;
				CLANG_WARN_DEPRECATED_OBJC_IMPLEMENTATIONS = YES;
				CLANG_WARN_DIRECT_OBJC_ISA_USAGE = YES_ERROR;
				CLANG_WARN_DOCUMENTATION_COMMENTS = YES;
				CLANG_WARN_EMPTY_BODY = YES;
				CLANG_WARN_ENUM_CONVERSION = YES;
				CLANG_WARN_INFINITE_RECURSION = YES;
				CLANG_WARN_INT_CONVERSION = YES;
				CLANG_WARN_NON_LITERAL_NULL_CONVERSION = YES;
				CLANG_WARN_OBJC_IMPLICIT_RETAIN_SELF = YES;
				CLANG_WARN_OBJC_LITERAL_CONVERSION = YES;
				CLANG_WARN_OBJC_ROOT_CLASS = YES_ERROR;
				CLANG_WARN_QUOTED_INCLUDE_IN_FRAMEWORK_HEADER = YES;
				CLANG_WARN_RANGE_LOOP_ANALYSIS = YES;
				CLANG_WARN_STRICT_PROTOTYPES = YES;
				CLANG_WARN_SUSPICIOUS_MOVE = YES;
				CLANG_WARN_UNGUARDED_AVAILABILITY = YES_AGGRESSIVE;
				CLANG_WARN_UNREACHABLE_CODE = YES;
				CLANG_WARN__DUPLICATE_METHOD_MATCH = YES;
				COPY_PHASE_STRIP = NO;
				DEBUG_INFORMATION_FORMAT = "dwarf-with-dsym";
				ENABLE_NS_ASSERTIONS = NO;
				ENABLE_STRICT_OBJC_MSGSEND = YES;
				GCC_C_LANGUAGE_STANDARD = gnu11;
				GCC_NO_COMMON_BLOCKS = YES;
				GCC_WARN_64_TO_32_BIT_CONVERSION = YES;
				GCC_WARN_ABOUT_RETURN_TYPE = YES_ERROR;
				GCC_WARN_UNDECLARED_SELECTOR = YES;
				GCC_WARN_UNINITIALIZED_AUTOS = YES_AGGRESSIVE;
				GCC_WARN_UNUSED_FUNCTION = YES;
				GCC_WARN_UNUSED_VARIABLE = YES;
				IPHONEOS_DEPLOYMENT_TARGET = 14.2;
				MTL_ENABLE_DEBUG_INFO = NO;
				MTL_FAST_MATH = YES;
				SDKROOT = iphoneos;
				SWIFT_COMPILATION_MODE = wholemodule;
				SWIFT_OPTIMIZATION_LEVEL = "-O";
				VALIDATE_PRODUCT = YES;
			};
			name = Release;
		};
		705F3D1E25C9940200376DD3 /* Debug */ = {
			isa = XCBuildConfiguration;
			buildSettings = {
				ASSETCATALOG_COMPILER_APPICON_NAME = AppIcon;
				ASSETCATALOG_COMPILER_GLOBAL_ACCENT_COLOR_NAME = AccentColor;
				CODE_SIGN_STYLE = Automatic;
				DEVELOPMENT_TEAM = 643WRK3BPZ;
				INFOPLIST_FILE = "Login App/SupportingFiles/Info.plist";
				LD_RUNPATH_SEARCH_PATHS = (
					"$(inherited)",
					"@executable_path/Frameworks",
				);
				PRODUCT_BUNDLE_IDENTIFIER = "Maria-Mamina.Login-App";
				PRODUCT_NAME = "$(TARGET_NAME)";
				SWIFT_VERSION = 5.0;
				TARGETED_DEVICE_FAMILY = "1,2";
			};
			name = Debug;
		};
		705F3D1F25C9940200376DD3 /* Release */ = {
			isa = XCBuildConfiguration;
			buildSettings = {
				ASSETCATALOG_COMPILER_APPICON_NAME = AppIcon;
				ASSETCATALOG_COMPILER_GLOBAL_ACCENT_COLOR_NAME = AccentColor;
				CODE_SIGN_STYLE = Automatic;
				DEVELOPMENT_TEAM = 643WRK3BPZ;
				INFOPLIST_FILE = "Login App/SupportingFiles/Info.plist";
				LD_RUNPATH_SEARCH_PATHS = (
					"$(inherited)",
					"@executable_path/Frameworks",
				);
				PRODUCT_BUNDLE_IDENTIFIER = "Maria-Mamina.Login-App";
				PRODUCT_NAME = "$(TARGET_NAME)";
				SWIFT_VERSION = 5.0;
				TARGETED_DEVICE_FAMILY = "1,2";
			};
			name = Release;
		};
/* End XCBuildConfiguration section */

/* Begin XCConfigurationList section */
		705F3D0425C9940000376DD3 /* Build configuration list for PBXProject "Login App" */ = {
			isa = XCConfigurationList;
			buildConfigurations = (
				705F3D1B25C9940200376DD3 /* Debug */,
				705F3D1C25C9940200376DD3 /* Release */,
			);
			defaultConfigurationIsVisible = 0;
			defaultConfigurationName = Release;
		};
		705F3D1D25C9940200376DD3 /* Build configuration list for PBXNativeTarget "Login App" */ = {
			isa = XCConfigurationList;
			buildConfigurations = (
				705F3D1E25C9940200376DD3 /* Debug */,
				705F3D1F25C9940200376DD3 /* Release */,
			);
			defaultConfigurationIsVisible = 0;
			defaultConfigurationName = Release;
		};
/* End XCConfigurationList section */
	};
	rootObject = 705F3D0125C9940000376DD3 /* Project object */;
}
